// !$*UTF8*$!
{
	archiveVersion = 1;
	classes = {
	};
	objectVersion = 50;
	objects = {

/* Begin PBXBuildFile section */
		0B2D540A25F05F9C005F83EB /* AppDelegate.swift in Sources */ = {isa = PBXBuildFile; fileRef = 0B2D540925F05F9C005F83EB /* AppDelegate.swift */; };
		0B2D540C25F05F9C005F83EB /* SceneDelegate.swift in Sources */ = {isa = PBXBuildFile; fileRef = 0B2D540B25F05F9C005F83EB /* SceneDelegate.swift */; };
		0B2D541125F05F9C005F83EB /* Main.storyboard in Resources */ = {isa = PBXBuildFile; fileRef = 0B2D540F25F05F9C005F83EB /* Main.storyboard */; };
		0B2D541325F05F9C005F83EB /* Assets.xcassets in Resources */ = {isa = PBXBuildFile; fileRef = 0B2D541225F05F9C005F83EB /* Assets.xcassets */; };
		0B2D541625F05F9C005F83EB /* LaunchScreen.storyboard in Resources */ = {isa = PBXBuildFile; fileRef = 0B2D541425F05F9C005F83EB /* LaunchScreen.storyboard */; };
		0B2D542125F0609D005F83EB /* NewsListTableViewController.swift in Sources */ = {isa = PBXBuildFile; fileRef = 0B2D542025F0609D005F83EB /* NewsListTableViewController.swift */; };
		0B7497A825F2EEDD00E60870 /* WebService.swift in Sources */ = {isa = PBXBuildFile; fileRef = 0B7497A725F2EEDD00E60870 /* WebService.swift */; };
		0B7497AD25F2F39B00E60870 /* Article.swift in Sources */ = {isa = PBXBuildFile; fileRef = 0B7497AC25F2F39B00E60870 /* Article.swift */; };
		0B7497B125F2F78900E60870 /* NewsApiResult.swift in Sources */ = {isa = PBXBuildFile; fileRef = 0B7497B025F2F78900E60870 /* NewsApiResult.swift */; };
		0B7497B525F2FB5500E60870 /* ArticleViewModel.swift in Sources */ = {isa = PBXBuildFile; fileRef = 0B7497B425F2FB5500E60870 /* ArticleViewModel.swift */; };
/* End PBXBuildFile section */

/* Begin PBXFileReference section */
		0B2D540625F05F9C005F83EB /* GoodNews.app */ = {isa = PBXFileReference; explicitFileType = wrapper.application; includeInIndex = 0; path = GoodNews.app; sourceTree = BUILT_PRODUCTS_DIR; };
		0B2D540925F05F9C005F83EB /* AppDelegate.swift */ = {isa = PBXFileReference; lastKnownFileType = sourcecode.swift; path = AppDelegate.swift; sourceTree = "<group>"; };
		0B2D540B25F05F9C005F83EB /* SceneDelegate.swift */ = {isa = PBXFileReference; lastKnownFileType = sourcecode.swift; path = SceneDelegate.swift; sourceTree = "<group>"; };
		0B2D541025F05F9C005F83EB /* Base */ = {isa = PBXFileReference; lastKnownFileType = file.storyboard; name = Base; path = Base.lproj/Main.storyboard; sourceTree = "<group>"; };
		0B2D541225F05F9C005F83EB /* Assets.xcassets */ = {isa = PBXFileReference; lastKnownFileType = folder.assetcatalog; path = Assets.xcassets; sourceTree = "<group>"; };
		0B2D541525F05F9C005F83EB /* Base */ = {isa = PBXFileReference; lastKnownFileType = file.storyboard; name = Base; path = Base.lproj/LaunchScreen.storyboard; sourceTree = "<group>"; };
		0B2D541725F05F9D005F83EB /* Info.plist */ = {isa = PBXFileReference; lastKnownFileType = text.plist.xml; path = Info.plist; sourceTree = "<group>"; };
		0B2D542025F0609D005F83EB /* NewsListTableViewController.swift */ = {isa = PBXFileReference; lastKnownFileType = sourcecode.swift; path = NewsListTableViewController.swift; sourceTree = "<group>"; };
		0B7497A725F2EEDD00E60870 /* WebService.swift */ = {isa = PBXFileReference; lastKnownFileType = sourcecode.swift; path = WebService.swift; sourceTree = "<group>"; };
		0B7497AC25F2F39B00E60870 /* Article.swift */ = {isa = PBXFileReference; lastKnownFileType = sourcecode.swift; path = Article.swift; sourceTree = "<group>"; };
		0B7497B025F2F78900E60870 /* NewsApiResult.swift */ = {isa = PBXFileReference; lastKnownFileType = sourcecode.swift; path = NewsApiResult.swift; sourceTree = "<group>"; };
		0B7497B425F2FB5500E60870 /* ArticleViewModel.swift */ = {isa = PBXFileReference; lastKnownFileType = sourcecode.swift; path = ArticleViewModel.swift; sourceTree = "<group>"; };
/* End PBXFileReference section */

/* Begin PBXFrameworksBuildPhase section */
		0B2D540325F05F9C005F83EB /* Frameworks */ = {
			isa = PBXFrameworksBuildPhase;
			buildActionMask = 2147483647;
			files = (
			);
			runOnlyForDeploymentPostprocessing = 0;
		};
/* End PBXFrameworksBuildPhase section */

/* Begin PBXGroup section */
		0B2D53FD25F05F9C005F83EB = {
			isa = PBXGroup;
			children = (
				0B2D540825F05F9C005F83EB /* GoodNews */,
				0B2D540725F05F9C005F83EB /* Products */,
			);
			sourceTree = "<group>";
		};
		0B2D540725F05F9C005F83EB /* Products */ = {
			isa = PBXGroup;
			children = (
				0B2D540625F05F9C005F83EB /* GoodNews.app */,
			);
			name = Products;
			sourceTree = "<group>";
		};
		0B2D540825F05F9C005F83EB /* GoodNews */ = {
			isa = PBXGroup;
			children = (
				0B7497B325F2FB1400E60870 /* ViewModels */,
				0B7497AB25F2F38300E60870 /* Models */,
				0B7497A625F2EEC000E60870 /* Services */,
				0B2D541F25F06031005F83EB /* Controllers */,
				0B2D540925F05F9C005F83EB /* AppDelegate.swift */,
				0B2D540B25F05F9C005F83EB /* SceneDelegate.swift */,
				0B2D540F25F05F9C005F83EB /* Main.storyboard */,
				0B2D541225F05F9C005F83EB /* Assets.xcassets */,
				0B2D541425F05F9C005F83EB /* LaunchScreen.storyboard */,
				0B2D541725F05F9D005F83EB /* Info.plist */,
			);
			path = GoodNews;
			sourceTree = "<group>";
		};
		0B2D541F25F06031005F83EB /* Controllers */ = {
			isa = PBXGroup;
			children = (
				0B2D542025F0609D005F83EB /* NewsListTableViewController.swift */,
			);
			path = Controllers;
			sourceTree = "<group>";
		};
		0B7497A625F2EEC000E60870 /* Services */ = {
			isa = PBXGroup;
			children = (
				0B7497A725F2EEDD00E60870 /* WebService.swift */,
			);
			path = Services;
			sourceTree = "<group>";
		};
		0B7497AB25F2F38300E60870 /* Models */ = {
			isa = PBXGroup;
			children = (
				0B7497AC25F2F39B00E60870 /* Article.swift */,
				0B7497B025F2F78900E60870 /* NewsApiResult.swift */,
			);
			path = Models;
			sourceTree = "<group>";
		};
		0B7497B325F2FB1400E60870 /* ViewModels */ = {
			isa = PBXGroup;
			children = (
				0B7497B425F2FB5500E60870 /* ArticleViewModel.swift */,
			);
			path = ViewModels;
			sourceTree = "<group>";
		};
/* End PBXGroup section */

/* Begin PBXNativeTarget section */
		0B2D540525F05F9C005F83EB /* GoodNews */ = {
			isa = PBXNativeTarget;
			buildConfigurationList = 0B2D541A25F05F9D005F83EB /* Build configuration list for PBXNativeTarget "GoodNews" */;
			buildPhases = (
				0B2D540225F05F9C005F83EB /* Sources */,
				0B2D540325F05F9C005F83EB /* Frameworks */,
				0B2D540425F05F9C005F83EB /* Resources */,
			);
			buildRules = (
			);
			dependencies = (
			);
			name = GoodNews;
			productName = GoodNews;
			productReference = 0B2D540625F05F9C005F83EB /* GoodNews.app */;
			productType = "com.apple.product-type.application";
		};
/* End PBXNativeTarget section */

/* Begin PBXProject section */
		0B2D53FE25F05F9C005F83EB /* Project object */ = {
			isa = PBXProject;
			attributes = {
				LastSwiftUpdateCheck = 1240;
				LastUpgradeCheck = 1240;
				TargetAttributes = {
					0B2D540525F05F9C005F83EB = {
						CreatedOnToolsVersion = 12.4;
					};
				};
			};
			buildConfigurationList = 0B2D540125F05F9C005F83EB /* Build configuration list for PBXProject "GoodNews" */;
			compatibilityVersion = "Xcode 9.3";
			developmentRegion = en;
			hasScannedForEncodings = 0;
			knownRegions = (
				en,
				Base,
			);
			mainGroup = 0B2D53FD25F05F9C005F83EB;
			productRefGroup = 0B2D540725F05F9C005F83EB /* Products */;
			projectDirPath = "";
			projectRoot = "";
			targets = (
				0B2D540525F05F9C005F83EB /* GoodNews */,
			);
		};
/* End PBXProject section */

/* Begin PBXResourcesBuildPhase section */
		0B2D540425F05F9C005F83EB /* Resources */ = {
			isa = PBXResourcesBuildPhase;
			buildActionMask = 2147483647;
			files = (
				0B2D541625F05F9C005F83EB /* LaunchScreen.storyboard in Resources */,
				0B2D541325F05F9C005F83EB /* Assets.xcassets in Resources */,
				0B2D541125F05F9C005F83EB /* Main.storyboard in Resources */,
			);
			runOnlyForDeploymentPostprocessing = 0;
		};
/* End PBXResourcesBuildPhase section */

/* Begin PBXSourcesBuildPhase section */
		0B2D540225F05F9C005F83EB /* Sources */ = {
			isa = PBXSourcesBuildPhase;
			buildActionMask = 2147483647;
			files = (
				0B7497B125F2F78900E60870 /* NewsApiResult.swift in Sources */,
				0B2D540A25F05F9C005F83EB /* AppDelegate.swift in Sources */,
				0B2D542125F0609D005F83EB /* NewsListTableViewController.swift in Sources */,
				0B7497A825F2EEDD00E60870 /* WebService.swift in Sources */,
				0B2D540C25F05F9C005F83EB /* SceneDelegate.swift in Sources */,
				0B7497B525F2FB5500E60870 /* ArticleViewModel.swift in Sources */,
				0B7497AD25F2F39B00E60870 /* Article.swift in Sources */,
			);
			runOnlyForDeploymentPostprocessing = 0;
		};
/* End PBXSourcesBuildPhase section */

/* Begin PBXVariantGroup section */
		0B2D540F25F05F9C005F83EB /* Main.storyboard */ = {
			isa = PBXVariantGroup;
			children = (
				0B2D541025F05F9C005F83EB /* Base */,
			);
			name = Main.storyboard;
			sourceTree = "<group>";
		};
		0B2D541425F05F9C005F83EB /* LaunchScreen.storyboard */ = {
			isa = PBXVariantGroup;
			children = (
				0B2D541525F05F9C005F83EB /* Base */,
			);
			name = LaunchScreen.storyboard;
			sourceTree = "<group>";
		};
/* End PBXVariantGroup section */

/* Begin XCBuildConfiguration section */
		0B2D541825F05F9D005F83EB /* Debug */ = {
			isa = XCBuildConfiguration;
			buildSettings = {
				ALWAYS_SEARCH_USER_PATHS = NO;
				CLANG_ANALYZER_NONNULL = YES;
				CLANG_ANALYZER_NUMBER_OBJECT_CONVERSION = YES_AGGRESSIVE;
				CLANG_CXX_LANGUAGE_STANDARD = "gnu++14";
				CLANG_CXX_LIBRARY = "libc++";
				CLANG_ENABLE_MODULES = YES;
				CLANG_ENABLE_OBJC_ARC = YES;
				CLANG_ENABLE_OBJC_WEAK = YES;
				CLANG_WARN_BLOCK_CAPTURE_AUTORELEASING = YES;
				CLANG_WARN_BOOL_CONVERSION = YES;
				CLANG_WARN_COMMA = YES;
				CLANG_WARN_CONSTANT_CONVERSION = YES;
				CLANG_WARN_DEPRECATED_OBJC_IMPLEMENTATIONS = YES;
				CLANG_WARN_DIRECT_OBJC_ISA_USAGE = YES_ERROR;
				CLANG_WARN_DOCUMENTATION_COMMENTS = YES;
				CLANG_WARN_EMPTY_BODY = YES;
				CLANG_WARN_ENUM_CONVERSION = YES;
				CLANG_WARN_INFINITE_RECURSION = YES;
				CLANG_WARN_INT_CONVERSION = YES;
				CLANG_WARN_NON_LITERAL_NULL_CONVERSION = YES;
				CLANG_WARN_OBJC_IMPLICIT_RETAIN_SELF = YES;
				CLANG_WARN_OBJC_LITERAL_CONVERSION = YES;
				CLANG_WARN_OBJC_ROOT_CLASS = YES_ERROR;
				CLANG_WARN_QUOTED_INCLUDE_IN_FRAMEWORK_HEADER = YES;
				CLANG_WARN_RANGE_LOOP_ANALYSIS = YES;
				CLANG_WARN_STRICT_PROTOTYPES = YES;
				CLANG_WARN_SUSPICIOUS_MOVE = YES;
				CLANG_WARN_UNGUARDED_AVAILABILITY = YES_AGGRESSIVE;
				CLANG_WARN_UNREACHABLE_CODE = YES;
				CLANG_WARN__DUPLICATE_METHOD_MATCH = YES;
				COPY_PHASE_STRIP = NO;
				DEBUG_INFORMATION_FORMAT = dwarf;
				ENABLE_STRICT_OBJC_MSGSEND = YES;
				ENABLE_TESTABILITY = YES;
				GCC_C_LANGUAGE_STANDARD = gnu11;
				GCC_DYNAMIC_NO_PIC = NO;
				GCC_NO_COMMON_BLOCKS = YES;
				GCC_OPTIMIZATION_LEVEL = 0;
				GCC_PREPROCESSOR_DEFINITIONS = (
					"DEBUG=1",
					"$(inherited)",
				);
				GCC_WARN_64_TO_32_BIT_CONVERSION = YES;
				GCC_WARN_ABOUT_RETURN_TYPE = YES_ERROR;
				GCC_WARN_UNDECLARED_SELECTOR = YES;
				GCC_WARN_UNINITIALIZED_AUTOS = YES_AGGRESSIVE;
				GCC_WARN_UNUSED_FUNCTION = YES;
				GCC_WARN_UNUSED_VARIABLE = YES;
				IPHONEOS_DEPLOYMENT_TARGET = 14.4;
				MTL_ENABLE_DEBUG_INFO = INCLUDE_SOURCE;
				MTL_FAST_MATH = YES;
				ONLY_ACTIVE_ARCH = YES;
				SDKROOT = iphoneos;
				SWIFT_ACTIVE_COMPILATION_CONDITIONS = DEBUG;
				SWIFT_OPTIMIZATION_LEVEL = "-Onone";
			};
			name = Debug;
		};
		0B2D541925F05F9D005F83EB /* Release */ = {
			isa = XCBuildConfiguration;
			buildSettings = {
				ALWAYS_SEARCH_USER_PATHS = NO;
				CLANG_ANALYZER_NONNULL = YES;
				CLANG_ANALYZER_NUMBER_OBJECT_CONVERSION = YES_AGGRESSIVE;
				CLANG_CXX_LANGUAGE_STANDARD = "gnu++14";
				CLANG_CXX_LIBRARY = "libc++";
				CLANG_ENABLE_MODULES = YES;
				CLANG_ENABLE_OBJC_ARC = YES;
				CLANG_ENABLE_OBJC_WEAK = YES;
				CLANG_WARN_BLOCK_CAPTURE_AUTORELEASING = YES;
				CLANG_WARN_BOOL_CONVERSION = YES;
				CLANG_WARN_COMMA = YES;
				CLANG_WARN_CONSTANT_CONVERSION = YES;
				CLANG_WARN_DEPRECATED_OBJC_IMPLEMENTATIONS = YES;
				CLANG_WARN_DIRECT_OBJC_ISA_USAGE = YES_ERROR;
				CLANG_WARN_DOCUMENTATION_COMMENTS = YES;
				CLANG_WARN_EMPTY_BODY = YES;
				CLANG_WARN_ENUM_CONVERSION = YES;
				CLANG_WARN_INFINITE_RECURSION = YES;
				CLANG_WARN_INT_CONVERSION = YES;
				CLANG_WARN_NON_LITERAL_NULL_CONVERSION = YES;
				CLANG_WARN_OBJC_IMPLICIT_RETAIN_SELF = YES;
				CLANG_WARN_OBJC_LITERAL_CONVERSION = YES;
				CLANG_WARN_OBJC_ROOT_CLASS = YES_ERROR;
				CLANG_WARN_QUOTED_INCLUDE_IN_FRAMEWORK_HEADER = YES;
				CLANG_WARN_RANGE_LOOP_ANALYSIS = YES;
				CLANG_WARN_STRICT_PROTOTYPES = YES;
				CLANG_WARN_SUSPICIOUS_MOVE = YES;
				CLANG_WARN_UNGUARDED_AVAILABILITY = YES_AGGRESSIVE;
				CLANG_WARN_UNREACHABLE_CODE = YES;
				CLANG_WARN__DUPLICATE_METHOD_MATCH = YES;
				COPY_PHASE_STRIP = NO;
				DEBUG_INFORMATION_FORMAT = "dwarf-with-dsym";
				ENABLE_NS_ASSERTIONS = NO;
				ENABLE_STRICT_OBJC_MSGSEND = YES;
				GCC_C_LANGUAGE_STANDARD = gnu11;
				GCC_NO_COMMON_BLOCKS = YES;
				GCC_WARN_64_TO_32_BIT_CONVERSION = YES;
				GCC_WARN_ABOUT_RETURN_TYPE = YES_ERROR;
				GCC_WARN_UNDECLARED_SELECTOR = YES;
				GCC_WARN_UNINITIALIZED_AUTOS = YES_AGGRESSIVE;
				GCC_WARN_UNUSED_FUNCTION = YES;
				GCC_WARN_UNUSED_VARIABLE = YES;
				IPHONEOS_DEPLOYMENT_TARGET = 14.4;
				MTL_ENABLE_DEBUG_INFO = NO;
				MTL_FAST_MATH = YES;
				SDKROOT = iphoneos;
				SWIFT_COMPILATION_MODE = wholemodule;
				SWIFT_OPTIMIZATION_LEVEL = "-O";
				VALIDATE_PRODUCT = YES;
			};
			name = Release;
		};
		0B2D541B25F05F9D005F83EB /* Debug */ = {
			isa = XCBuildConfiguration;
			buildSettings = {
				ASSETCATALOG_COMPILER_APPICON_NAME = AppIcon;
				ASSETCATALOG_COMPILER_GLOBAL_ACCENT_COLOR_NAME = AccentColor;
				CODE_SIGN_STYLE = Automatic;
				DEVELOPMENT_TEAM = C434CHPZ37;
				INFOPLIST_FILE = GoodNews/Info.plist;
				LD_RUNPATH_SEARCH_PATHS = (
					"$(inherited)",
					"@executable_path/Frameworks",
				);
				PRODUCT_BUNDLE_IDENTIFIER = hoffsilva.GoodNews;
				PRODUCT_NAME = "$(TARGET_NAME)";
				SWIFT_VERSION = 5.0;
				TARGETED_DEVICE_FAMILY = "1,2";
			};
			name = Debug;
		};
		0B2D541C25F05F9D005F83EB /* Release */ = {
			isa = XCBuildConfiguration;
			buildSettings = {
				ASSETCATALOG_COMPILER_APPICON_NAME = AppIcon;
				ASSETCATALOG_COMPILER_GLOBAL_ACCENT_COLOR_NAME = AccentColor;
				CODE_SIGN_STYLE = Automatic;
				DEVELOPMENT_TEAM = C434CHPZ37;
				INFOPLIST_FILE = GoodNews/Info.plist;
				LD_RUNPATH_SEARCH_PATHS = (
					"$(inherited)",
					"@executable_path/Frameworks",
				);
				PRODUCT_BUNDLE_IDENTIFIER = hoffsilva.GoodNews;
				PRODUCT_NAME = "$(TARGET_NAME)";
				SWIFT_VERSION = 5.0;
				TARGETED_DEVICE_FAMILY = "1,2";
			};
			name = Release;
		};
/* End XCBuildConfiguration section */

/* Begin XCConfigurationList section */
		0B2D540125F05F9C005F83EB /* Build configuration list for PBXProject "GoodNews" */ = {
			isa = XCConfigurationList;
			buildConfigurations = (
				0B2D541825F05F9D005F83EB /* Debug */,
				0B2D541925F05F9D005F83EB /* Release */,
			);
			defaultConfigurationIsVisible = 0;
			defaultConfigurationName = Release;
		};
		0B2D541A25F05F9D005F83EB /* Build configuration list for PBXNativeTarget "GoodNews" */ = {
			isa = XCConfigurationList;
			buildConfigurations = (
				0B2D541B25F05F9D005F83EB /* Debug */,
				0B2D541C25F05F9D005F83EB /* Release */,
			);
			defaultConfigurationIsVisible = 0;
			defaultConfigurationName = Release;
		};
/* End XCConfigurationList section */
	};
	rootObject = 0B2D53FE25F05F9C005F83EB /* Project object */;
}
